
Microsoft Visual Studio Solution File, Format Version 12.00
# Visual Studio Version 16
VisualStudioVersion = 16.0.31702.278
MinimumVisualStudioVersion = 10.0.40219.1
Project("{FAE04EC0-301F-11D3-BF4B-00C04F79EFBC}") = "Ekart", "Ekart.csproj", "{AB2F5E6D-0F75-44B9-A89D-B3D9C82ACCA8}"
EndProject
Global
	GlobalSection(SolutionConfigurationPlatforms) = preSolution
		Debug|Any CPU = Debug|Any CPU
		Release|Any CPU = Release|Any CPU
	EndGlobalSection
	GlobalSection(ProjectConfigurationPlatforms) = postSolution
		{AB2F5E6D-0F75-44B9-A89D-B3D9C82ACCA8}.Debug|Any CPU.ActiveCfg = Debug|Any CPU
		{AB2F5E6D-0F75-44B9-A89D-B3D9C82ACCA8}.Debug|Any CPU.Build.0 = Debug|Any CPU
		{AB2F5E6D-0F75-44B9-A89D-B3D9C82ACCA8}.Release|Any CPU.ActiveCfg = Release|Any CPU
		{AB2F5E6D-0F75-44B9-A89D-B3D9C82ACCA8}.Release|Any CPU.Build.0 = Release|Any CPU
	EndGlobalSection
	GlobalSection(SolutionProperties) = preSolution
		HideSolutionNode = FALSE
	EndGlobalSection
	GlobalSection(ExtensibilityGlobals) = postSolution
		SolutionGuid = {680237BD-B8CD-473F-93F8-1DFB3B03FA90}
	EndGlobalSection
EndGlobal
